
Microsoft Visual Studio Solution File, Format Version 12.00
# Visual Studio 15
VisualStudioVersion = 15.0.27703.2026
MinimumVisualStudioVersion = 10.0.40219.1
Project("{FAE04EC0-301F-11D3-BF4B-00C04F79EFBC}") = "TrionaAssignment", "TrionaAssignment\TrionaAssignment.csproj", "{EDF110F8-C2E5-47FA-A32D-6B8C4367883B}"
EndProject
Project("{FAE04EC0-301F-11D3-BF4B-00C04F79EFBC}") = "RestServer", "RestServer\RestServer.csproj", "{04A043BE-8986-4D84-B0EA-FB4E0CB5777C}"
EndProject
Project("{FAE04EC0-301F-11D3-BF4B-00C04F79EFBC}") = "RestServer.Tests", "RestServer.Tests\RestServer.Tests.csproj", "{1F063BD2-7782-4C77-A6C0-DBA48E68FBD3}"
EndProject
Global
	GlobalSection(SolutionConfigurationPlatforms) = preSolution
		Debug|Any CPU = Debug|Any CPU
		Release|Any CPU = Release|Any CPU
	EndGlobalSection
	GlobalSection(ProjectConfigurationPlatforms) = postSolution
		{EDF110F8-C2E5-47FA-A32D-6B8C4367883B}.Debug|Any CPU.ActiveCfg = Debug|Any CPU
		{EDF110F8-C2E5-47FA-A32D-6B8C4367883B}.Debug|Any CPU.Build.0 = Debug|Any CPU
		{EDF110F8-C2E5-47FA-A32D-6B8C4367883B}.Release|Any CPU.ActiveCfg = Release|Any CPU
		{EDF110F8-C2E5-47FA-A32D-6B8C4367883B}.Release|Any CPU.Build.0 = Release|Any CPU
		{04A043BE-8986-4D84-B0EA-FB4E0CB5777C}.Debug|Any CPU.ActiveCfg = Debug|Any CPU
		{04A043BE-8986-4D84-B0EA-FB4E0CB5777C}.Debug|Any CPU.Build.0 = Debug|Any CPU
		{04A043BE-8986-4D84-B0EA-FB4E0CB5777C}.Release|Any CPU.ActiveCfg = Release|Any CPU
		{04A043BE-8986-4D84-B0EA-FB4E0CB5777C}.Release|Any CPU.Build.0 = Release|Any CPU
		{1F063BD2-7782-4C77-A6C0-DBA48E68FBD3}.Debug|Any CPU.ActiveCfg = Debug|Any CPU
		{1F063BD2-7782-4C77-A6C0-DBA48E68FBD3}.Debug|Any CPU.Build.0 = Debug|Any CPU
		{1F063BD2-7782-4C77-A6C0-DBA48E68FBD3}.Release|Any CPU.ActiveCfg = Release|Any CPU
		{1F063BD2-7782-4C77-A6C0-DBA48E68FBD3}.Release|Any CPU.Build.0 = Release|Any CPU
	EndGlobalSection
	GlobalSection(SolutionProperties) = preSolution
		HideSolutionNode = FALSE
	EndGlobalSection
	GlobalSection(ExtensibilityGlobals) = postSolution
		SolutionGuid = {56432B28-DA17-436E-BD52-2207636C3D06}
	EndGlobalSection
EndGlobal
